// !$*UTF8*$!
{
	archiveVersion = 1;
	classes = {
	};
	objectVersion = 46;
	objects = {

/* Begin PBXBuildFile section */
		733D4D831CB34D6600BC2558 /* main.m in Sources */ = {isa = PBXBuildFile; fileRef = 733D4D821CB34D6600BC2558 /* main.m */; };
		733D4D861CB34D6600BC2558 /* AppDelegate.m in Sources */ = {isa = PBXBuildFile; fileRef = 733D4D851CB34D6600BC2558 /* AppDelegate.m */; };
		733D4D891CB34D6600BC2558 /* ViewController.m in Sources */ = {isa = PBXBuildFile; fileRef = 733D4D881CB34D6600BC2558 /* ViewController.m */; };
		733D4D8C1CB34D6600BC2558 /* Main.storyboard in Resources */ = {isa = PBXBuildFile; fileRef = 733D4D8A1CB34D6600BC2558 /* Main.storyboard */; };
		733D4D8E1CB34D6600BC2558 /* Assets.xcassets in Resources */ = {isa = PBXBuildFile; fileRef = 733D4D8D1CB34D6600BC2558 /* Assets.xcassets */; };
		733D4D911CB34D6600BC2558 /* LaunchScreen.storyboard in Resources */ = {isa = PBXBuildFile; fileRef = 733D4D8F1CB34D6600BC2558 /* LaunchScreen.storyboard */; };
/* End PBXBuildFile section */

/* Begin PBXFileReference section */
		733D4D7E1CB34D6600BC2558 /* 复习项目.app */ = {isa = PBXFileReference; explicitFileType = wrapper.application; includeInIndex = 0; path = "复习项目.app"; sourceTree = BUILT_PRODUCTS_DIR; };
		733D4D821CB34D6600BC2558 /* main.m */ = {isa = PBXFileReference; lastKnownFileType = sourcecode.c.objc; path = main.m; sourceTree = "<group>"; };
		733D4D841CB34D6600BC2558 /* AppDelegate.h */ = {isa = PBXFileReference; lastKnownFileType = sourcecode.c.h; path = AppDelegate.h; sourceTree = "<group>"; };
		733D4D851CB34D6600BC2558 /* AppDelegate.m */ = {isa = PBXFileReference; lastKnownFileType = sourcecode.c.objc; path = AppDelegate.m; sourceTree = "<group>"; };
		733D4D871CB34D6600BC2558 /* ViewController.h */ = {isa = PBXFileReference; lastKnownFileType = sourcecode.c.h; path = ViewController.h; sourceTree = "<group>"; };
		733D4D881CB34D6600BC2558 /* ViewController.m */ = {isa = PBXFileReference; lastKnownFileType = sourcecode.c.objc; path = ViewController.m; sourceTree = "<group>"; };
		733D4D8B1CB34D6600BC2558 /* Base */ = {isa = PBXFileReference; lastKnownFileType = file.storyboard; name = Base; path = Base.lproj/Main.storyboard; sourceTree = "<group>"; };
		733D4D8D1CB34D6600BC2558 /* Assets.xcassets */ = {isa = PBXFileReference; lastKnownFileType = folder.assetcatalog; path = Assets.xcassets; sourceTree = "<group>"; };
		733D4D901CB34D6600BC2558 /* Base */ = {isa = PBXFileReference; lastKnownFileType = file.storyboard; name = Base; path = Base.lproj/LaunchScreen.storyboard; sourceTree = "<group>"; };
		733D4D921CB34D6600BC2558 /* Info.plist */ = {isa = PBXFileReference; lastKnownFileType = text.plist.xml; path = Info.plist; sourceTree = "<group>"; };
/* End PBXFileReference section */

/* Begin PBXFrameworksBuildPhase section */
		733D4D7B1CB34D6600BC2558 /* Frameworks */ = {
			isa = PBXFrameworksBuildPhase;
			buildActionMask = 2147483647;
			files = (
			);
			runOnlyForDeploymentPostprocessing = 0;
		};
/* End PBXFrameworksBuildPhase section */

/* Begin PBXGroup section */
		733D4D751CB34D6600BC2558 = {
			isa = PBXGroup;
			children = (
				733D4D801CB34D6600BC2558 /* 复习项目 */,
				733D4D7F1CB34D6600BC2558 /* Products */,
			);
			sourceTree = "<group>";
		};
		733D4D7F1CB34D6600BC2558 /* Products */ = {
			isa = PBXGroup;
			children = (
				733D4D7E1CB34D6600BC2558 /* 复习项目.app */,
			);
			name = Products;
			sourceTree = "<group>";
		};
		733D4D801CB34D6600BC2558 /* 复习项目 */ = {
			isa = PBXGroup;
			children = (
				733D4D841CB34D6600BC2558 /* AppDelegate.h */,
				733D4D851CB34D6600BC2558 /* AppDelegate.m */,
				733D4D871CB34D6600BC2558 /* ViewController.h */,
				733D4D881CB34D6600BC2558 /* ViewController.m */,
				733D4D8A1CB34D6600BC2558 /* Main.storyboard */,
				733D4D8D1CB34D6600BC2558 /* Assets.xcassets */,
				733D4D8F1CB34D6600BC2558 /* LaunchScreen.storyboard */,
				733D4D921CB34D6600BC2558 /* Info.plist */,
				733D4D811CB34D6600BC2558 /* Supporting Files */,
			);
			path = "复习项目";
			sourceTree = "<group>";
		};
		733D4D811CB34D6600BC2558 /* Supporting Files */ = {
			isa = PBXGroup;
			children = (
				733D4D821CB34D6600BC2558 /* main.m */,
			);
			name = "Supporting Files";
			sourceTree = "<group>";
		};
/* End PBXGroup section */

/* Begin PBXNativeTarget section */
		733D4D7D1CB34D6600BC2558 /* 复习项目 */ = {
			isa = PBXNativeTarget;
			buildConfigurationList = 733D4D951CB34D6600BC2558 /* Build configuration list for PBXNativeTarget "复习项目" */;
			buildPhases = (
				733D4D7A1CB34D6600BC2558 /* Sources */,
				733D4D7B1CB34D6600BC2558 /* Frameworks */,
				733D4D7C1CB34D6600BC2558 /* Resources */,
			);
			buildRules = (
			);
			dependencies = (
			);
			name = "复习项目";
			productName = "复习项目";
			productReference = 733D4D7E1CB34D6600BC2558 /* 复习项目.app */;
			productType = "com.apple.product-type.application";
		};
/* End PBXNativeTarget section */

/* Begin PBXProject section */
		733D4D761CB34D6600BC2558 /* Project object */ = {
			isa = PBXProject;
			attributes = {
				LastUpgradeCheck = 0720;
				ORGANIZATIONNAME = tedu;
				TargetAttributes = {
					733D4D7D1CB34D6600BC2558 = {
						CreatedOnToolsVersion = 7.2.1;
					};
				};
			};
			buildConfigurationList = 733D4D791CB34D6600BC2558 /* Build configuration list for PBXProject "复习项目" */;
			compatibilityVersion = "Xcode 3.2";
			developmentRegion = English;
			hasScannedForEncodings = 0;
			knownRegions = (
				en,
				Base,
			);
			mainGroup = 733D4D751CB34D6600BC2558;
			productRefGroup = 733D4D7F1CB34D6600BC2558 /* Products */;
			projectDirPath = "";
			projectRoot = "";
			targets = (
				733D4D7D1CB34D6600BC2558 /* 复习项目 */,
			);
		};
/* End PBXProject section */

/* Begin PBXResourcesBuildPhase section */
		733D4D7C1CB34D6600BC2558 /* Resources */ = {
			isa = PBXResourcesBuildPhase;
			buildActionMask = 2147483647;
			files = (
				733D4D911CB34D6600BC2558 /* LaunchScreen.storyboard in Resources */,
				733D4D8E1CB34D6600BC2558 /* Assets.xcassets in Resources */,
				733D4D8C1CB34D6600BC2558 /* Main.storyboard in Resources */,
			);
			runOnlyForDeploymentPostprocessing = 0;
		};
/* End PBXResourcesBuildPhase section */

/* Begin PBXSourcesBuildPhase section */
		733D4D7A1CB34D6600BC2558 /* Sources */ = {
			isa = PBXSourcesBuildPhase;
			buildActionMask = 2147483647;
			files = (
				733D4D891CB34D6600BC2558 /* ViewController.m in Sources */,
				733D4D861CB34D6600BC2558 /* AppDelegate.m in Sources */,
				733D4D831CB34D6600BC2558 /* main.m in Sources */,
			);
			runOnlyForDeploymentPostprocessing = 0;
		};
/* End PBXSourcesBuildPhase section */

/* Begin PBXVariantGroup section */
		733D4D8A1CB34D6600BC2558 /* Main.storyboard */ = {
			isa = PBXVariantGroup;
			children = (
				733D4D8B1CB34D6600BC2558 /* Base */,
			);
			name = Main.storyboard;
			sourceTree = "<group>";
		};
		733D4D8F1CB34D6600BC2558 /* LaunchScreen.storyboard */ = {
			isa = PBXVariantGroup;
			children = (
				733D4D901CB34D6600BC2558 /* Base */,
			);
			name = LaunchScreen.storyboard;
			sourceTree = "<group>";
		};
/* End PBXVariantGroup section */

/* Begin XCBuildConfiguration section */
		733D4D931CB34D6600BC2558 /* Debug */ = {
			isa = XCBuildConfiguration;
			buildSettings = {
				ALWAYS_SEARCH_USER_PATHS = NO;
				CLANG_CXX_LANGUAGE_STANDARD = "gnu++0x";
				CLANG_CXX_LIBRARY = "libc++";
				CLANG_ENABLE_MODULES = YES;
				CLANG_ENABLE_OBJC_ARC = YES;
				CLANG_WARN_BOOL_CONVERSION = YES;
				CLANG_WARN_CONSTANT_CONVERSION = YES;
				CLANG_WARN_DIRECT_OBJC_ISA_USAGE = YES_ERROR;
				CLANG_WARN_EMPTY_BODY = YES;
				CLANG_WARN_ENUM_CONVERSION = YES;
				CLANG_WARN_INT_CONVERSION = YES;
				CLANG_WARN_OBJC_ROOT_CLASS = YES_ERROR;
				CLANG_WARN_UNREACHABLE_CODE = YES;
				CLANG_WARN__DUPLICATE_METHOD_MATCH = YES;
				"CODE_SIGN_IDENTITY[sdk=iphoneos*]" = "iPhone Developer";
				COPY_PHASE_STRIP = NO;
				DEBUG_INFORMATION_FORMAT = dwarf;
				ENABLE_STRICT_OBJC_MSGSEND = YES;
				ENABLE_TESTABILITY = YES;
				GCC_C_LANGUAGE_STANDARD = gnu99;
				GCC_DYNAMIC_NO_PIC = NO;
				GCC_NO_COMMON_BLOCKS = YES;
				GCC_OPTIMIZATION_LEVEL = 0;
				GCC_PREPROCESSOR_DEFINITIONS = (
					"DEBUG=1",
					"$(inherited)",
				);
				GCC_WARN_64_TO_32_BIT_CONVERSION = YES;
				GCC_WARN_ABOUT_RETURN_TYPE = YES_ERROR;
				GCC_WARN_UNDECLARED_SELECTOR = YES;
				GCC_WARN_UNINITIALIZED_AUTOS = YES_AGGRESSIVE;
				GCC_WARN_UNUSED_FUNCTION = YES;
				GCC_WARN_UNUSED_VARIABLE = YES;
				IPHONEOS_DEPLOYMENT_TARGET = 9.2;
				MTL_ENABLE_DEBUG_INFO = YES;
				ONLY_ACTIVE_ARCH = YES;
				SDKROOT = iphoneos;
			};
			name = Debug;
		};
		733D4D941CB34D6600BC2558 /* Release */ = {
			isa = XCBuildConfiguration;
			buildSettings = {
				ALWAYS_SEARCH_USER_PATHS = NO;
				CLANG_CXX_LANGUAGE_STANDARD = "gnu++0x";
				CLANG_CXX_LIBRARY = "libc++";
				CLANG_ENABLE_MODULES = YES;
				CLANG_ENABLE_OBJC_ARC = YES;
				CLANG_WARN_BOOL_CONVERSION = YES;
				CLANG_WARN_CONSTANT_CONVERSION = YES;
				CLANG_WARN_DIRECT_OBJC_ISA_USAGE = YES_ERROR;
				CLANG_WARN_EMPTY_BODY = YES;
				CLANG_WARN_ENUM_CONVERSION = YES;
				CLANG_WARN_INT_CONVERSION = YES;
				CLANG_WARN_OBJC_ROOT_CLASS = YES_ERROR;
				CLANG_WARN_UNREACHABLE_CODE = YES;
				CLANG_WARN__DUPLICATE_METHOD_MATCH = YES;
				"CODE_SIGN_IDENTITY[sdk=iphoneos*]" = "iPhone Developer";
				COPY_PHASE_STRIP = NO;
				DEBUG_INFORMATION_FORMAT = "dwarf-with-dsym";
				ENABLE_NS_ASSERTIONS = NO;
				ENABLE_STRICT_OBJC_MSGSEND = YES;
				GCC_C_LANGUAGE_STANDARD = gnu99;
				GCC_NO_COMMON_BLOCKS = YES;
				GCC_WARN_64_TO_32_BIT_CONVERSION = YES;
				GCC_WARN_ABOUT_RETURN_TYPE = YES_ERROR;
				GCC_WARN_UNDECLARED_SELECTOR = YES;
				GCC_WARN_UNINITIALIZED_AUTOS = YES_AGGRESSIVE;
				GCC_WARN_UNUSED_FUNCTION = YES;
				GCC_WARN_UNUSED_VARIABLE = YES;
				IPHONEOS_DEPLOYMENT_TARGET = 9.2;
				MTL_ENABLE_DEBUG_INFO = NO;
				SDKROOT = iphoneos;
				VALIDATE_PRODUCT = YES;
			};
			name = Release;
		};
		733D4D961CB34D6600BC2558 /* Debug */ = {
			isa = XCBuildConfiguration;
			buildSettings = {
				ASSETCATALOG_COMPILER_APPICON_NAME = AppIcon;
				INFOPLIST_FILE = "复习项目/Info.plist";
				LD_RUNPATH_SEARCH_PATHS = "$(inherited) @executable_path/Frameworks";
				PRODUCT_BUNDLE_IDENTIFIER = "cn.tedu.-.----";
				PRODUCT_NAME = "$(TARGET_NAME)";
			};
			name = Debug;
		};
		733D4D971CB34D6600BC2558 /* Release */ = {
			isa = XCBuildConfiguration;
			buildSettings = {
				ASSETCATALOG_COMPILER_APPICON_NAME = AppIcon;
				INFOPLIST_FILE = "复习项目/Info.plist";
				LD_RUNPATH_SEARCH_PATHS = "$(inherited) @executable_path/Frameworks";
				PRODUCT_BUNDLE_IDENTIFIER = "cn.tedu.-.----";
				PRODUCT_NAME = "$(TARGET_NAME)";
			};
			name = Release;
		};
/* End XCBuildConfiguration section */

/* Begin XCConfigurationList section */
		733D4D791CB34D6600BC2558 /* Build configuration list for PBXProject "复习项目" */ = {
			isa = XCConfigurationList;
			buildConfigurations = (
				733D4D931CB34D6600BC2558 /* Debug */,
				733D4D941CB34D6600BC2558 /* Release */,
			);
			defaultConfigurationIsVisible = 0;
			defaultConfigurationName = Release;
		};
		733D4D951CB34D6600BC2558 /* Build configuration list for PBXNativeTarget "复习项目" */ = {
			isa = XCConfigurationList;
			buildConfigurations = (
				733D4D961CB34D6600BC2558 /* Debug */,
				733D4D971CB34D6600BC2558 /* Release */,
			);
			defaultConfigurationIsVisible = 0;
		};
/* End XCConfigurationList section */
	};
	rootObject = 733D4D761CB34D6600BC2558 /* Project object */;
}
